// !$*UTF8*$!
{
	archiveVersion = 1;
	classes = {
	};
	objectVersion = 46;
	objects = {

/* Begin PBXBuildFile section */
		1A6B42BC1ADAD31900689485 /* main.m in Sources */ = {isa = PBXBuildFile; fileRef = 1A6B42BB1ADAD31900689485 /* main.m */; };
		1A6B42BF1ADAD31900689485 /* AppDelegate.m in Sources */ = {isa = PBXBuildFile; fileRef = 1A6B42BE1ADAD31900689485 /* AppDelegate.m */; };
		1A6B42C21ADAD31900689485 /* SimpleTable.xcdatamodeld in Sources */ = {isa = PBXBuildFile; fileRef = 1A6B42C01ADAD31900689485 /* SimpleTable.xcdatamodeld */; };
		1A6B42C51ADAD31900689485 /* ViewController.m in Sources */ = {isa = PBXBuildFile; fileRef = 1A6B42C41ADAD31900689485 /* ViewController.m */; };
		1A6B42C81ADAD31900689485 /* Main.storyboard in Resources */ = {isa = PBXBuildFile; fileRef = 1A6B42C61ADAD31900689485 /* Main.storyboard */; };
		1A6B42CA1ADAD31900689485 /* Images.xcassets in Resources */ = {isa = PBXBuildFile; fileRef = 1A6B42C91ADAD31900689485 /* Images.xcassets */; };
		1A6B42CD1ADAD31900689485 /* LaunchScreen.xib in Resources */ = {isa = PBXBuildFile; fileRef = 1A6B42CB1ADAD31900689485 /* LaunchScreen.xib */; };
		1A6B42D91ADAD31900689485 /* SimpleTableTests.m in Sources */ = {isa = PBXBuildFile; fileRef = 1A6B42D81ADAD31900689485 /* SimpleTableTests.m */; };
		1A7EBF1D1ADC1C41005B95DD /* Recipes.m in Sources */ = {isa = PBXBuildFile; fileRef = 1A7EBF1C1ADC1C41005B95DD /* Recipes.m */; };
/* End PBXBuildFile section */

/* Begin PBXContainerItemProxy section */
		1A6B42D31ADAD31900689485 /* PBXContainerItemProxy */ = {
			isa = PBXContainerItemProxy;
			containerPortal = 1A6B42AE1ADAD31900689485 /* Project object */;
			proxyType = 1;
			remoteGlobalIDString = 1A6B42B51ADAD31900689485;
			remoteInfo = SimpleTable;
		};
/* End PBXContainerItemProxy section */

/* Begin PBXFileReference section */
		1A6B42B61ADAD31900689485 /* SimpleTable.app */ = {isa = PBXFileReference; explicitFileType = wrapper.application; includeInIndex = 0; path = SimpleTable.app; sourceTree = BUILT_PRODUCTS_DIR; };
		1A6B42BA1ADAD31900689485 /* Info.plist */ = {isa = PBXFileReference; lastKnownFileType = text.plist.xml; path = Info.plist; sourceTree = "<group>"; };
		1A6B42BB1ADAD31900689485 /* main.m */ = {isa = PBXFileReference; lastKnownFileType = sourcecode.c.objc; path = main.m; sourceTree = "<group>"; };
		1A6B42BD1ADAD31900689485 /* AppDelegate.h */ = {isa = PBXFileReference; lastKnownFileType = sourcecode.c.h; path = AppDelegate.h; sourceTree = "<group>"; };
		1A6B42BE1ADAD31900689485 /* AppDelegate.m */ = {isa = PBXFileReference; lastKnownFileType = sourcecode.c.objc; path = AppDelegate.m; sourceTree = "<group>"; };
		1A6B42C11ADAD31900689485 /* SimpleTable.xcdatamodel */ = {isa = PBXFileReference; lastKnownFileType = wrapper.xcdatamodel; path = SimpleTable.xcdatamodel; sourceTree = "<group>"; };
		1A6B42C31ADAD31900689485 /* ViewController.h */ = {isa = PBXFileReference; lastKnownFileType = sourcecode.c.h; path = ViewController.h; sourceTree = "<group>"; };
		1A6B42C41ADAD31900689485 /* ViewController.m */ = {isa = PBXFileReference; lastKnownFileType = sourcecode.c.objc; path = ViewController.m; sourceTree = "<group>"; };
		1A6B42C71ADAD31900689485 /* Base */ = {isa = PBXFileReference; lastKnownFileType = file.storyboard; name = Base; path = Base.lproj/Main.storyboard; sourceTree = "<group>"; };
		1A6B42C91ADAD31900689485 /* Images.xcassets */ = {isa = PBXFileReference; lastKnownFileType = folder.assetcatalog; path = Images.xcassets; sourceTree = "<group>"; };
		1A6B42CC1ADAD31900689485 /* Base */ = {isa = PBXFileReference; lastKnownFileType = file.xib; name = Base; path = Base.lproj/LaunchScreen.xib; sourceTree = "<group>"; };
		1A6B42D21ADAD31900689485 /* SimpleTableTests.xctest */ = {isa = PBXFileReference; explicitFileType = wrapper.cfbundle; includeInIndex = 0; path = SimpleTableTests.xctest; sourceTree = BUILT_PRODUCTS_DIR; };
		1A6B42D71ADAD31900689485 /* Info.plist */ = {isa = PBXFileReference; lastKnownFileType = text.plist.xml; path = Info.plist; sourceTree = "<group>"; };
		1A6B42D81ADAD31900689485 /* SimpleTableTests.m */ = {isa = PBXFileReference; lastKnownFileType = sourcecode.c.objc; path = SimpleTableTests.m; sourceTree = "<group>"; };
		1A7EBF1B1ADC1C41005B95DD /* Recipes.h */ = {isa = PBXFileReference; fileEncoding = 4; lastKnownFileType = sourcecode.c.h; path = Recipes.h; sourceTree = "<group>"; };
		1A7EBF1C1ADC1C41005B95DD /* Recipes.m */ = {isa = PBXFileReference; fileEncoding = 4; lastKnownFileType = sourcecode.c.objc; path = Recipes.m; sourceTree = "<group>"; };
/* End PBXFileReference section */

/* Begin PBXFrameworksBuildPhase section */
		1A6B42B31ADAD31900689485 /* Frameworks */ = {
			isa = PBXFrameworksBuildPhase;
			buildActionMask = 2147483647;
			files = (
			);
			runOnlyForDeploymentPostprocessing = 0;
		};
		1A6B42CF1ADAD31900689485 /* Frameworks */ = {
			isa = PBXFrameworksBuildPhase;
			buildActionMask = 2147483647;
			files = (
			);
			runOnlyForDeploymentPostprocessing = 0;
		};
/* End PBXFrameworksBuildPhase section */

/* Begin PBXGroup section */
		1A6B42AD1ADAD31900689485 = {
			isa = PBXGroup;
			children = (
				1A7EBF171ADC1BAA005B95DD /* Model */,
				1A6B42B81ADAD31900689485 /* SimpleTable */,
				1A6B42D51ADAD31900689485 /* SimpleTableTests */,
				1A6B42B71ADAD31900689485 /* Products */,
			);
			sourceTree = "<group>";
		};
		1A6B42B71ADAD31900689485 /* Products */ = {
			isa = PBXGroup;
			children = (
				1A6B42B61ADAD31900689485 /* SimpleTable.app */,
				1A6B42D21ADAD31900689485 /* SimpleTableTests.xctest */,
			);
			name = Products;
			sourceTree = "<group>";
		};
		1A6B42B81ADAD31900689485 /* SimpleTable */ = {
			isa = PBXGroup;
			children = (
				1A6B42BD1ADAD31900689485 /* AppDelegate.h */,
				1A6B42BE1ADAD31900689485 /* AppDelegate.m */,
				1A6B42C31ADAD31900689485 /* ViewController.h */,
				1A6B42C41ADAD31900689485 /* ViewController.m */,
				1A6B42C61ADAD31900689485 /* Main.storyboard */,
				1A6B42C91ADAD31900689485 /* Images.xcassets */,
				1A6B42CB1ADAD31900689485 /* LaunchScreen.xib */,
				1A6B42C01ADAD31900689485 /* SimpleTable.xcdatamodeld */,
				1A6B42B91ADAD31900689485 /* Supporting Files */,
			);
			path = SimpleTable;
			sourceTree = "<group>";
		};
		1A6B42B91ADAD31900689485 /* Supporting Files */ = {
			isa = PBXGroup;
			children = (
				1A6B42BA1ADAD31900689485 /* Info.plist */,
				1A6B42BB1ADAD31900689485 /* main.m */,
			);
			name = "Supporting Files";
			sourceTree = "<group>";
		};
		1A6B42D51ADAD31900689485 /* SimpleTableTests */ = {
			isa = PBXGroup;
			children = (
				1A6B42D81ADAD31900689485 /* SimpleTableTests.m */,
				1A6B42D61ADAD31900689485 /* Supporting Files */,
			);
			path = SimpleTableTests;
			sourceTree = "<group>";
		};
		1A6B42D61ADAD31900689485 /* Supporting Files */ = {
			isa = PBXGroup;
			children = (
				1A6B42D71ADAD31900689485 /* Info.plist */,
			);
			name = "Supporting Files";
			sourceTree = "<group>";
		};
		1A7EBF171ADC1BAA005B95DD /* Model */ = {
			isa = PBXGroup;
			children = (
				1A7EBF1B1ADC1C41005B95DD /* Recipes.h */,
				1A7EBF1C1ADC1C41005B95DD /* Recipes.m */,
			);
			name = Model;
			sourceTree = "<group>";
		};
/* End PBXGroup section */

/* Begin PBXNativeTarget section */
		1A6B42B51ADAD31900689485 /* SimpleTable */ = {
			isa = PBXNativeTarget;
			buildConfigurationList = 1A6B42DC1ADAD31900689485 /* Build configuration list for PBXNativeTarget "SimpleTable" */;
			buildPhases = (
				1A6B42B21ADAD31900689485 /* Sources */,
				1A6B42B31ADAD31900689485 /* Frameworks */,
				1A6B42B41ADAD31900689485 /* Resources */,
			);
			buildRules = (
			);
			dependencies = (
			);
			name = SimpleTable;
			productName = SimpleTable;
			productReference = 1A6B42B61ADAD31900689485 /* SimpleTable.app */;
			productType = "com.apple.product-type.application";
		};
		1A6B42D11ADAD31900689485 /* SimpleTableTests */ = {
			isa = PBXNativeTarget;
			buildConfigurationList = 1A6B42DF1ADAD31900689485 /* Build configuration list for PBXNativeTarget "SimpleTableTests" */;
			buildPhases = (
				1A6B42CE1ADAD31900689485 /* Sources */,
				1A6B42CF1ADAD31900689485 /* Frameworks */,
				1A6B42D01ADAD31900689485 /* Resources */,
			);
			buildRules = (
			);
			dependencies = (
				1A6B42D41ADAD31900689485 /* PBXTargetDependency */,
			);
			name = SimpleTableTests;
			productName = SimpleTableTests;
			productReference = 1A6B42D21ADAD31900689485 /* SimpleTableTests.xctest */;
			productType = "com.apple.product-type.bundle.unit-test";
		};
/* End PBXNativeTarget section */

/* Begin PBXProject section */
		1A6B42AE1ADAD31900689485 /* Project object */ = {
			isa = PBXProject;
			attributes = {
				LastUpgradeCheck = 0630;
				ORGANIZATIONNAME = "Yung Dai";
				TargetAttributes = {
					1A6B42B51ADAD31900689485 = {
						CreatedOnToolsVersion = 6.3;
					};
					1A6B42D11ADAD31900689485 = {
						CreatedOnToolsVersion = 6.3;
						TestTargetID = 1A6B42B51ADAD31900689485;
					};
				};
			};
			buildConfigurationList = 1A6B42B11ADAD31900689485 /* Build configuration list for PBXProject "SimpleTable" */;
			compatibilityVersion = "Xcode 3.2";
			developmentRegion = English;
			hasScannedForEncodings = 0;
			knownRegions = (
				en,
				Base,
			);
			mainGroup = 1A6B42AD1ADAD31900689485;
			productRefGroup = 1A6B42B71ADAD31900689485 /* Products */;
			projectDirPath = "";
			projectRoot = "";
			targets = (
				1A6B42B51ADAD31900689485 /* SimpleTable */,
				1A6B42D11ADAD31900689485 /* SimpleTableTests */,
			);
		};
/* End PBXProject section */

/* Begin PBXResourcesBuildPhase section */
		1A6B42B41ADAD31900689485 /* Resources */ = {
			isa = PBXResourcesBuildPhase;
			buildActionMask = 2147483647;
			files = (
				1A6B42C81ADAD31900689485 /* Main.storyboard in Resources */,
				1A6B42CD1ADAD31900689485 /* LaunchScreen.xib in Resources */,
				1A6B42CA1ADAD31900689485 /* Images.xcassets in Resources */,
			);
			runOnlyForDeploymentPostprocessing = 0;
		};
		1A6B42D01ADAD31900689485 /* Resources */ = {
			isa = PBXResourcesBuildPhase;
			buildActionMask = 2147483647;
			files = (
			);
			runOnlyForDeploymentPostprocessing = 0;
		};
/* End PBXResourcesBuildPhase section */

/* Begin PBXSourcesBuildPhase section */
		1A6B42B21ADAD31900689485 /* Sources */ = {
			isa = PBXSourcesBuildPhase;
			buildActionMask = 2147483647;
			files = (
				1A6B42BF1ADAD31900689485 /* AppDelegate.m in Sources */,
				1A7EBF1D1ADC1C41005B95DD /* Recipes.m in Sources */,
				1A6B42C21ADAD31900689485 /* SimpleTable.xcdatamodeld in Sources */,
				1A6B42C51ADAD31900689485 /* ViewController.m in Sources */,
				1A6B42BC1ADAD31900689485 /* main.m in Sources */,
			);
			runOnlyForDeploymentPostprocessing = 0;
		};
		1A6B42CE1ADAD31900689485 /* Sources */ = {
			isa = PBXSourcesBuildPhase;
			buildActionMask = 2147483647;
			files = (
				1A6B42D91ADAD31900689485 /* SimpleTableTests.m in Sources */,
			);
			runOnlyForDeploymentPostprocessing = 0;
		};
/* End PBXSourcesBuildPhase section */

/* Begin PBXTargetDependency section */
		1A6B42D41ADAD31900689485 /* PBXTargetDependency */ = {
			isa = PBXTargetDependency;
			target = 1A6B42B51ADAD31900689485 /* SimpleTable */;
			targetProxy = 1A6B42D31ADAD31900689485 /* PBXContainerItemProxy */;
		};
/* End PBXTargetDependency section */

/* Begin PBXVariantGroup section */
		1A6B42C61ADAD31900689485 /* Main.storyboard */ = {
			isa = PBXVariantGroup;
			children = (
				1A6B42C71ADAD31900689485 /* Base */,
			);
			name = Main.storyboard;
			sourceTree = "<group>";
		};
		1A6B42CB1ADAD31900689485 /* LaunchScreen.xib */ = {
			isa = PBXVariantGroup;
			children = (
				1A6B42CC1ADAD31900689485 /* Base */,
			);
			name = LaunchScreen.xib;
			sourceTree = "<group>";
		};
/* End PBXVariantGroup section */

/* Begin XCBuildConfiguration section */
		1A6B42DA1ADAD31900689485 /* Debug */ = {
			isa = XCBuildConfiguration;
			buildSettings = {
				ALWAYS_SEARCH_USER_PATHS = NO;
				CLANG_CXX_LANGUAGE_STANDARD = "gnu++0x";
				CLANG_CXX_LIBRARY = "libc++";
				CLANG_ENABLE_MODULES = YES;
				CLANG_ENABLE_OBJC_ARC = YES;
				CLANG_WARN_BOOL_CONVERSION = YES;
				CLANG_WARN_CONSTANT_CONVERSION = YES;
				CLANG_WARN_DIRECT_OBJC_ISA_USAGE = YES_ERROR;
				CLANG_WARN_EMPTY_BODY = YES;
				CLANG_WARN_ENUM_CONVERSION = YES;
				CLANG_WARN_INT_CONVERSION = YES;
				CLANG_WARN_OBJC_ROOT_CLASS = YES_ERROR;
				CLANG_WARN_UNREACHABLE_CODE = YES;
				CLANG_WARN__DUPLICATE_METHOD_MATCH = YES;
				"CODE_SIGN_IDENTITY[sdk=iphoneos*]" = "iPhone Developer";
				COPY_PHASE_STRIP = NO;
				DEBUG_INFORMATION_FORMAT = "dwarf-with-dsym";
				ENABLE_STRICT_OBJC_MSGSEND = YES;
				GCC_C_LANGUAGE_STANDARD = gnu99;
				GCC_DYNAMIC_NO_PIC = NO;
				GCC_NO_COMMON_BLOCKS = YES;
				GCC_OPTIMIZATION_LEVEL = 0;
				GCC_PREPROCESSOR_DEFINITIONS = (
					"DEBUG=1",
					"$(inherited)",
				);
				GCC_SYMBOLS_PRIVATE_EXTERN = NO;
				GCC_WARN_64_TO_32_BIT_CONVERSION = YES;
				GCC_WARN_ABOUT_RETURN_TYPE = YES_ERROR;
				GCC_WARN_UNDECLARED_SELECTOR = YES;
				GCC_WARN_UNINITIALIZED_AUTOS = YES_AGGRESSIVE;
				GCC_WARN_UNUSED_FUNCTION = YES;
				GCC_WARN_UNUSED_VARIABLE = YES;
				IPHONEOS_DEPLOYMENT_TARGET = 8.3;
				MTL_ENABLE_DEBUG_INFO = YES;
				ONLY_ACTIVE_ARCH = YES;
				SDKROOT = iphoneos;
				TARGETED_DEVICE_FAMILY = "1,2";
			};
			name = Debug;
		};
		1A6B42DB1ADAD31900689485 /* Release */ = {
			isa = XCBuildConfiguration;
			buildSettings = {
				ALWAYS_SEARCH_USER_PATHS = NO;
				CLANG_CXX_LANGUAGE_STANDARD = "gnu++0x";
				CLANG_CXX_LIBRARY = "libc++";
				CLANG_ENABLE_MODULES = YES;
				CLANG_ENABLE_OBJC_ARC = YES;
				CLANG_WARN_BOOL_CONVERSION = YES;
				CLANG_WARN_CONSTANT_CONVERSION = YES;
				CLANG_WARN_DIRECT_OBJC_ISA_USAGE = YES_ERROR;
				CLANG_WARN_EMPTY_BODY = YES;
				CLANG_WARN_ENUM_CONVERSION = YES;
				CLANG_WARN_INT_CONVERSION = YES;
				CLANG_WARN_OBJC_ROOT_CLASS = YES_ERROR;
				CLANG_WARN_UNREACHABLE_CODE = YES;
				CLANG_WARN__DUPLICATE_METHOD_MATCH = YES;
				"CODE_SIGN_IDENTITY[sdk=iphoneos*]" = "iPhone Developer";
				COPY_PHASE_STRIP = NO;
				DEBUG_INFORMATION_FORMAT = "dwarf-with-dsym";
				ENABLE_NS_ASSERTIONS = NO;
				ENABLE_STRICT_OBJC_MSGSEND = YES;
				GCC_C_LANGUAGE_STANDARD = gnu99;
				GCC_NO_COMMON_BLOCKS = YES;
				GCC_WARN_64_TO_32_BIT_CONVERSION = YES;
				GCC_WARN_ABOUT_RETURN_TYPE = YES_ERROR;
				GCC_WARN_UNDECLARED_SELECTOR = YES;
				GCC_WARN_UNINITIALIZED_AUTOS = YES_AGGRESSIVE;
				GCC_WARN_UNUSED_FUNCTION = YES;
				GCC_WARN_UNUSED_VARIABLE = YES;
				IPHONEOS_DEPLOYMENT_TARGET = 8.3;
				MTL_ENABLE_DEBUG_INFO = NO;
				SDKROOT = iphoneos;
				TARGETED_DEVICE_FAMILY = "1,2";
				VALIDATE_PRODUCT = YES;
			};
			name = Release;
		};
		1A6B42DD1ADAD31900689485 /* Debug */ = {
			isa = XCBuildConfiguration;
			buildSettings = {
				ASSETCATALOG_COMPILER_APPICON_NAME = AppIcon;
				INFOPLIST_FILE = SimpleTable/Info.plist;
				LD_RUNPATH_SEARCH_PATHS = "$(inherited) @executable_path/Frameworks";
				PRODUCT_NAME = "$(TARGET_NAME)";
			};
			name = Debug;
		};
		1A6B42DE1ADAD31900689485 /* Release */ = {
			isa = XCBuildConfiguration;
			buildSettings = {
				ASSETCATALOG_COMPILER_APPICON_NAME = AppIcon;
				INFOPLIST_FILE = SimpleTable/Info.plist;
				LD_RUNPATH_SEARCH_PATHS = "$(inherited) @executable_path/Frameworks";
				PRODUCT_NAME = "$(TARGET_NAME)";
			};
			name = Release;
		};
		1A6B42E01ADAD31900689485 /* Debug */ = {
			isa = XCBuildConfiguration;
			buildSettings = {
				BUNDLE_LOADER = "$(TEST_HOST)";
				FRAMEWORK_SEARCH_PATHS = (
					"$(SDKROOT)/Developer/Library/Frameworks",
					"$(inherited)",
				);
				GCC_PREPROCESSOR_DEFINITIONS = (
					"DEBUG=1",
					"$(inherited)",
				);
				INFOPLIST_FILE = SimpleTableTests/Info.plist;
				LD_RUNPATH_SEARCH_PATHS = "$(inherited) @executable_path/Frameworks @loader_path/Frameworks";
				PRODUCT_NAME = "$(TARGET_NAME)";
				TEST_HOST = "$(BUILT_PRODUCTS_DIR)/SimpleTable.app/SimpleTable";
			};
			name = Debug;
		};
		1A6B42E11ADAD31900689485 /* Release */ = {
			isa = XCBuildConfiguration;
			buildSettings = {
				BUNDLE_LOADER = "$(TEST_HOST)";
				FRAMEWORK_SEARCH_PATHS = (
					"$(SDKROOT)/Developer/Library/Frameworks",
					"$(inherited)",
				);
				INFOPLIST_FILE = SimpleTableTests/Info.plist;
				LD_RUNPATH_SEARCH_PATHS = "$(inherited) @executable_path/Frameworks @loader_path/Frameworks";
				PRODUCT_NAME = "$(TARGET_NAME)";
				TEST_HOST = "$(BUILT_PRODUCTS_DIR)/SimpleTable.app/SimpleTable";
			};
			name = Release;
		};
/* End XCBuildConfiguration section */

/* Begin XCConfigurationList section */
		1A6B42B11ADAD31900689485 /* Build configuration list for PBXProject "SimpleTable" */ = {
			isa = XCConfigurationList;
			buildConfigurations = (
				1A6B42DA1ADAD31900689485 /* Debug */,
				1A6B42DB1ADAD31900689485 /* Release */,
			);
			defaultConfigurationIsVisible = 0;
			defaultConfigurationName = Release;
		};
		1A6B42DC1ADAD31900689485 /* Build configuration list for PBXNativeTarget "SimpleTable" */ = {
			isa = XCConfigurationList;
			buildConfigurations = (
				1A6B42DD1ADAD31900689485 /* Debug */,
				1A6B42DE1ADAD31900689485 /* Release */,
			);
			defaultConfigurationIsVisible = 0;
			defaultConfigurationName = Release;
		};
		1A6B42DF1ADAD31900689485 /* Build configuration list for PBXNativeTarget "SimpleTableTests" */ = {
			isa = XCConfigurationList;
			buildConfigurations = (
				1A6B42E01ADAD31900689485 /* Debug */,
				1A6B42E11ADAD31900689485 /* Release */,
			);
			defaultConfigurationIsVisible = 0;
			defaultConfigurationName = Release;
		};
/* End XCConfigurationList section */

/* Begin XCVersionGroup section */
		1A6B42C01ADAD31900689485 /* SimpleTable.xcdatamodeld */ = {
			isa = XCVersionGroup;
			children = (
				1A6B42C11ADAD31900689485 /* SimpleTable.xcdatamodel */,
			);
			currentVersion = 1A6B42C11ADAD31900689485 /* SimpleTable.xcdatamodel */;
			path = SimpleTable.xcdatamodeld;
			sourceTree = "<group>";
			versionGroupType = wrapper.xcdatamodel;
		};
/* End XCVersionGroup section */
	};
	rootObject = 1A6B42AE1ADAD31900689485 /* Project object */;
}
